// !$*UTF8*$!
{
	archiveVersion = 1;
	classes = {
	};
	objectVersion = 46;
	objects = {

/* Begin PBXBuildFile section */
		ED030E36184E2D7F00AB0E0B /* WebViewController.m in Sources */ = {isa = PBXBuildFile; fileRef = ED030E35184E2D7F00AB0E0B /* WebViewController.m */; };
		ED134D0618439A1C00C55CCA /* PicuReferenceAppNeuroEmergenciesViewController.m in Sources */ = {isa = PBXBuildFile; fileRef = ED134D0518439A1C00C55CCA /* PicuReferenceAppNeuroEmergenciesViewController.m */; };
		ED3D846218437F3400C907B5 /* Assessment.png in Resources */ = {isa = PBXBuildFile; fileRef = ED3D845718437F3400C907B5 /* Assessment.png */; };
		ED3D846318437F3400C907B5 /* CNSMeds.png in Resources */ = {isa = PBXBuildFile; fileRef = ED3D845818437F3400C907B5 /* CNSMeds.png */; };
		ED3D846418437F3400C907B5 /* CVMeds.png in Resources */ = {isa = PBXBuildFile; fileRef = ED3D845918437F3400C907B5 /* CVMeds.png */; };
		ED3D846518437F3400C907B5 /* Electrolytes.png in Resources */ = {isa = PBXBuildFile; fileRef = ED3D845A18437F3400C907B5 /* Electrolytes.png */; };
		ED3D846618437F3400C907B5 /* Intubation.png in Resources */ = {isa = PBXBuildFile; fileRef = ED3D845B18437F3400C907B5 /* Intubation.png */; };
		ED3D846718437F3400C907B5 /* NeuroEmergencies.png in Resources */ = {isa = PBXBuildFile; fileRef = ED3D845C18437F3400C907B5 /* NeuroEmergencies.png */; };
		ED3D846818437F3400C907B5 /* PEWS.png in Resources */ = {isa = PBXBuildFile; fileRef = ED3D845D18437F3400C907B5 /* PEWS.png */; };
		ED3D846918437F3400C907B5 /* Poisons.png in Resources */ = {isa = PBXBuildFile; fileRef = ED3D845E18437F3400C907B5 /* Poisons.png */; };
		ED3D846A18437F3400C907B5 /* RespiratoryEmergencies.png in Resources */ = {isa = PBXBuildFile; fileRef = ED3D845F18437F3400C907B5 /* RespiratoryEmergencies.png */; };
		ED3D846B18437F3400C907B5 /* Shock.png in Resources */ = {isa = PBXBuildFile; fileRef = ED3D846018437F3400C907B5 /* Shock.png */; };
		ED3D846C18437F3400C907B5 /* Vitals.png in Resources */ = {isa = PBXBuildFile; fileRef = ED3D846118437F3400C907B5 /* Vitals.png */; };
		EDA07EA3183FB072003D6980 /* Truth___Wallpaper_1920x1200_by_damnengine.jpg in Resources */ = {isa = PBXBuildFile; fileRef = EDA07EA2183FB072003D6980 /* Truth___Wallpaper_1920x1200_by_damnengine.jpg */; };
		EDAC6EF61850D6DA00780E4D /* HDAssessment.png in Resources */ = {isa = PBXBuildFile; fileRef = EDAC6EEC1850D6D900780E4D /* HDAssessment.png */; };
		EDAC6EF71850D6DA00780E4D /* HDCNSMeds.png in Resources */ = {isa = PBXBuildFile; fileRef = EDAC6EED1850D6D900780E4D /* HDCNSMeds.png */; };
		EDAC6EF81850D6DA00780E4D /* HDCVMeds.png in Resources */ = {isa = PBXBuildFile; fileRef = EDAC6EEE1850D6D900780E4D /* HDCVMeds.png */; };
		EDAC6EF91850D6DA00780E4D /* HDElectrolytes.png in Resources */ = {isa = PBXBuildFile; fileRef = EDAC6EEF1850D6D900780E4D /* HDElectrolytes.png */; };
		EDAC6EFA1850D6DA00780E4D /* HDIntubation.png in Resources */ = {isa = PBXBuildFile; fileRef = EDAC6EF01850D6D900780E4D /* HDIntubation.png */; };
		EDAC6EFB1850D6DA00780E4D /* HDNeuroEmergencies.png in Resources */ = {isa = PBXBuildFile; fileRef = EDAC6EF11850D6D900780E4D /* HDNeuroEmergencies.png */; };
		EDAC6EFC1850D6DA00780E4D /* HDPEWS.png in Resources */ = {isa = PBXBuildFile; fileRef = EDAC6EF21850D6D900780E4D /* HDPEWS.png */; };
		EDAC6EFD1850D6DA00780E4D /* HDRespiratoryEmergencies.png in Resources */ = {isa = PBXBuildFile; fileRef = EDAC6EF31850D6DA00780E4D /* HDRespiratoryEmergencies.png */; };
		EDAC6EFE1850D6DA00780E4D /* HDShock.png in Resources */ = {isa = PBXBuildFile; fileRef = EDAC6EF41850D6DA00780E4D /* HDShock.png */; };
		EDAC6EFF1850D6DA00780E4D /* HDVitals.png in Resources */ = {isa = PBXBuildFile; fileRef = EDAC6EF51850D6DA00780E4D /* HDVitals.png */; };
		FC40F82D1820A09700781E56 /* Foundation.framework in Frameworks */ = {isa = PBXBuildFile; fileRef = FC40F82C1820A09700781E56 /* Foundation.framework */; };
		FC40F82F1820A09700781E56 /* CoreGraphics.framework in Frameworks */ = {isa = PBXBuildFile; fileRef = FC40F82E1820A09700781E56 /* CoreGraphics.framework */; };
		FC40F8311820A09700781E56 /* UIKit.framework in Frameworks */ = {isa = PBXBuildFile; fileRef = FC40F8301820A09700781E56 /* UIKit.framework */; };
		FC40F8371820A09700781E56 /* InfoPlist.strings in Resources */ = {isa = PBXBuildFile; fileRef = FC40F8351820A09700781E56 /* InfoPlist.strings */; };
		FC40F8391820A09700781E56 /* main.m in Sources */ = {isa = PBXBuildFile; fileRef = FC40F8381820A09700781E56 /* main.m */; };
		FC40F83D1820A09700781E56 /* PicuReferenceAppAppDelegate.m in Sources */ = {isa = PBXBuildFile; fileRef = FC40F83C1820A09700781E56 /* PicuReferenceAppAppDelegate.m */; };
		FC40F8401820A09700781E56 /* Main_iPhone.storyboard in Resources */ = {isa = PBXBuildFile; fileRef = FC40F83E1820A09700781E56 /* Main_iPhone.storyboard */; };
		FC40F8431820A09700781E56 /* Main_iPad.storyboard in Resources */ = {isa = PBXBuildFile; fileRef = FC40F8411820A09700781E56 /* Main_iPad.storyboard */; };
		FC40F8461820A09700781E56 /* PicuReferenceAppViewController.m in Sources */ = {isa = PBXBuildFile; fileRef = FC40F8451820A09700781E56 /* PicuReferenceAppViewController.m */; };
		FC40F8481820A09700781E56 /* Images.xcassets in Resources */ = {isa = PBXBuildFile; fileRef = FC40F8471820A09700781E56 /* Images.xcassets */; };
		FC40F84F1820A09700781E56 /* XCTest.framework in Frameworks */ = {isa = PBXBuildFile; fileRef = FC40F84E1820A09700781E56 /* XCTest.framework */; };
		FC40F8501820A09700781E56 /* Foundation.framework in Frameworks */ = {isa = PBXBuildFile; fileRef = FC40F82C1820A09700781E56 /* Foundation.framework */; };
		FC40F8511820A09700781E56 /* UIKit.framework in Frameworks */ = {isa = PBXBuildFile; fileRef = FC40F8301820A09700781E56 /* UIKit.framework */; };
		FC40F8591820A09700781E56 /* InfoPlist.strings in Resources */ = {isa = PBXBuildFile; fileRef = FC40F8571820A09700781E56 /* InfoPlist.strings */; };
		FC40F85B1820A09700781E56 /* PicuReferenceAppTests.m in Sources */ = {isa = PBXBuildFile; fileRef = FC40F85A1820A09700781E56 /* PicuReferenceAppTests.m */; };
		FC95DB5118461B5100C268DA /* PicuReferenceAppScrollViewController.m in Sources */ = {isa = PBXBuildFile; fileRef = FC95DB5018461B5100C268DA /* PicuReferenceAppScrollViewController.m */; };
/* End PBXBuildFile section */

/* Begin PBXContainerItemProxy section */
		FC40F8521820A09700781E56 /* PBXContainerItemProxy */ = {
			isa = PBXContainerItemProxy;
			containerPortal = FC40F8211820A09700781E56 /* Project object */;
			proxyType = 1;
			remoteGlobalIDString = FC40F8281820A09700781E56;
			remoteInfo = PicuReferenceApp;
		};
/* End PBXContainerItemProxy section */

/* Begin PBXFileReference section */
		ED030E34184E2D7F00AB0E0B /* WebViewController.h */ = {isa = PBXFileReference; fileEncoding = 4; lastKnownFileType = sourcecode.c.h; name = WebViewController.h; path = ../WebViewController.h; sourceTree = "<group>"; };
		ED030E35184E2D7F00AB0E0B /* WebViewController.m */ = {isa = PBXFileReference; fileEncoding = 4; lastKnownFileType = sourcecode.c.objc; name = WebViewController.m; path = ../WebViewController.m; sourceTree = "<group>"; };
		ED134D0418439A1C00C55CCA /* PicuReferenceAppNeuroEmergenciesViewController.h */ = {isa = PBXFileReference; fileEncoding = 4; lastKnownFileType = sourcecode.c.h; path = PicuReferenceAppNeuroEmergenciesViewController.h; sourceTree = "<group>"; };
		ED134D0518439A1C00C55CCA /* PicuReferenceAppNeuroEmergenciesViewController.m */ = {isa = PBXFileReference; fileEncoding = 4; lastKnownFileType = sourcecode.c.objc; path = PicuReferenceAppNeuroEmergenciesViewController.m; sourceTree = "<group>"; };
		ED3D845718437F3400C907B5 /* Assessment.png */ = {isa = PBXFileReference; lastKnownFileType = image.png; name = Assessment.png; path = Images.xcassets/Assessment.png; sourceTree = "<group>"; };
		ED3D845818437F3400C907B5 /* CNSMeds.png */ = {isa = PBXFileReference; lastKnownFileType = image.png; name = CNSMeds.png; path = Images.xcassets/CNSMeds.png; sourceTree = "<group>"; };
		ED3D845918437F3400C907B5 /* CVMeds.png */ = {isa = PBXFileReference; lastKnownFileType = image.png; name = CVMeds.png; path = Images.xcassets/CVMeds.png; sourceTree = "<group>"; };
		ED3D845A18437F3400C907B5 /* Electrolytes.png */ = {isa = PBXFileReference; lastKnownFileType = image.png; name = Electrolytes.png; path = Images.xcassets/Electrolytes.png; sourceTree = "<group>"; };
		ED3D845B18437F3400C907B5 /* Intubation.png */ = {isa = PBXFileReference; lastKnownFileType = image.png; name = Intubation.png; path = Images.xcassets/Intubation.png; sourceTree = "<group>"; };
		ED3D845C18437F3400C907B5 /* NeuroEmergencies.png */ = {isa = PBXFileReference; lastKnownFileType = image.png; name = NeuroEmergencies.png; path = Images.xcassets/NeuroEmergencies.png; sourceTree = "<group>"; };
		ED3D845D18437F3400C907B5 /* PEWS.png */ = {isa = PBXFileReference; lastKnownFileType = image.png; name = PEWS.png; path = Images.xcassets/PEWS.png; sourceTree = "<group>"; };
		ED3D845E18437F3400C907B5 /* Poisons.png */ = {isa = PBXFileReference; lastKnownFileType = image.png; name = Poisons.png; path = Images.xcassets/Poisons.png; sourceTree = "<group>"; };
		ED3D845F18437F3400C907B5 /* RespiratoryEmergencies.png */ = {isa = PBXFileReference; lastKnownFileType = image.png; name = RespiratoryEmergencies.png; path = Images.xcassets/RespiratoryEmergencies.png; sourceTree = "<group>"; };
		ED3D846018437F3400C907B5 /* Shock.png */ = {isa = PBXFileReference; lastKnownFileType = image.png; name = Shock.png; path = Images.xcassets/Shock.png; sourceTree = "<group>"; };
		ED3D846118437F3400C907B5 /* Vitals.png */ = {isa = PBXFileReference; lastKnownFileType = image.png; name = Vitals.png; path = Images.xcassets/Vitals.png; sourceTree = "<group>"; };
		EDA07EA2183FB072003D6980 /* Truth___Wallpaper_1920x1200_by_damnengine.jpg */ = {isa = PBXFileReference; lastKnownFileType = image.jpeg; path = "Truth___Wallpaper_1920x1200_by_damnengine.jpg"; sourceTree = "<group>"; };
		EDAC6EEC1850D6D900780E4D /* HDAssessment.png */ = {isa = PBXFileReference; lastKnownFileType = image.png; path = HDAssessment.png; sourceTree = "<group>"; };
		EDAC6EED1850D6D900780E4D /* HDCNSMeds.png */ = {isa = PBXFileReference; lastKnownFileType = image.png; path = HDCNSMeds.png; sourceTree = "<group>"; };
		EDAC6EEE1850D6D900780E4D /* HDCVMeds.png */ = {isa = PBXFileReference; lastKnownFileType = image.png; path = HDCVMeds.png; sourceTree = "<group>"; };
		EDAC6EEF1850D6D900780E4D /* HDElectrolytes.png */ = {isa = PBXFileReference; lastKnownFileType = image.png; path = HDElectrolytes.png; sourceTree = "<group>"; };
		EDAC6EF01850D6D900780E4D /* HDIntubation.png */ = {isa = PBXFileReference; lastKnownFileType = image.png; path = HDIntubation.png; sourceTree = "<group>"; };
		EDAC6EF11850D6D900780E4D /* HDNeuroEmergencies.png */ = {isa = PBXFileReference; lastKnownFileType = image.png; path = HDNeuroEmergencies.png; sourceTree = "<group>"; };
		EDAC6EF21850D6D900780E4D /* HDPEWS.png */ = {isa = PBXFileReference; lastKnownFileType = image.png; path = HDPEWS.png; sourceTree = "<group>"; };
		EDAC6EF31850D6DA00780E4D /* HDRespiratoryEmergencies.png */ = {isa = PBXFileReference; lastKnownFileType = image.png; path = HDRespiratoryEmergencies.png; sourceTree = "<group>"; };
		EDAC6EF41850D6DA00780E4D /* HDShock.png */ = {isa = PBXFileReference; lastKnownFileType = image.png; path = HDShock.png; sourceTree = "<group>"; };
		EDAC6EF51850D6DA00780E4D /* HDVitals.png */ = {isa = PBXFileReference; lastKnownFileType = image.png; path = HDVitals.png; sourceTree = "<group>"; };
		FC40F8291820A09700781E56 /* PicuReferenceApp.app */ = {isa = PBXFileReference; explicitFileType = wrapper.application; includeInIndex = 0; path = PicuReferenceApp.app; sourceTree = BUILT_PRODUCTS_DIR; };
		FC40F82C1820A09700781E56 /* Foundation.framework */ = {isa = PBXFileReference; lastKnownFileType = wrapper.framework; name = Foundation.framework; path = System/Library/Frameworks/Foundation.framework; sourceTree = SDKROOT; };
		FC40F82E1820A09700781E56 /* CoreGraphics.framework */ = {isa = PBXFileReference; lastKnownFileType = wrapper.framework; name = CoreGraphics.framework; path = System/Library/Frameworks/CoreGraphics.framework; sourceTree = SDKROOT; };
		FC40F8301820A09700781E56 /* UIKit.framework */ = {isa = PBXFileReference; lastKnownFileType = wrapper.framework; name = UIKit.framework; path = System/Library/Frameworks/UIKit.framework; sourceTree = SDKROOT; };
		FC40F8341820A09700781E56 /* PicuReferenceApp-Info.plist */ = {isa = PBXFileReference; lastKnownFileType = text.plist.xml; path = "PicuReferenceApp-Info.plist"; sourceTree = "<group>"; };
		FC40F8361820A09700781E56 /* en */ = {isa = PBXFileReference; lastKnownFileType = text.plist.strings; name = en; path = en.lproj/InfoPlist.strings; sourceTree = "<group>"; };
		FC40F8381820A09700781E56 /* main.m */ = {isa = PBXFileReference; lastKnownFileType = sourcecode.c.objc; path = main.m; sourceTree = "<group>"; };
		FC40F83A1820A09700781E56 /* PicuReferenceApp-Prefix.pch */ = {isa = PBXFileReference; lastKnownFileType = sourcecode.c.h; path = "PicuReferenceApp-Prefix.pch"; sourceTree = "<group>"; };
		FC40F83B1820A09700781E56 /* PicuReferenceAppAppDelegate.h */ = {isa = PBXFileReference; lastKnownFileType = sourcecode.c.h; path = PicuReferenceAppAppDelegate.h; sourceTree = "<group>"; };
		FC40F83C1820A09700781E56 /* PicuReferenceAppAppDelegate.m */ = {isa = PBXFileReference; lastKnownFileType = sourcecode.c.objc; path = PicuReferenceAppAppDelegate.m; sourceTree = "<group>"; };
		FC40F83F1820A09700781E56 /* Base */ = {isa = PBXFileReference; lastKnownFileType = file.storyboard; name = Base; path = Base.lproj/Main_iPhone.storyboard; sourceTree = "<group>"; };
		FC40F8421820A09700781E56 /* Base */ = {isa = PBXFileReference; lastKnownFileType = file.storyboard; name = Base; path = Base.lproj/Main_iPad.storyboard; sourceTree = "<group>"; };
		FC40F8441820A09700781E56 /* PicuReferenceAppViewController.h */ = {isa = PBXFileReference; lastKnownFileType = sourcecode.c.h; path = PicuReferenceAppViewController.h; sourceTree = "<group>"; };
		FC40F8451820A09700781E56 /* PicuReferenceAppViewController.m */ = {isa = PBXFileReference; lastKnownFileType = sourcecode.c.objc; path = PicuReferenceAppViewController.m; sourceTree = "<group>"; };
		FC40F8471820A09700781E56 /* Images.xcassets */ = {isa = PBXFileReference; lastKnownFileType = folder.assetcatalog; path = Images.xcassets; sourceTree = "<group>"; };
		FC40F84D1820A09700781E56 /* PicuReferenceAppTests.xctest */ = {isa = PBXFileReference; explicitFileType = wrapper.cfbundle; includeInIndex = 0; path = PicuReferenceAppTests.xctest; sourceTree = BUILT_PRODUCTS_DIR; };
		FC40F84E1820A09700781E56 /* XCTest.framework */ = {isa = PBXFileReference; lastKnownFileType = wrapper.framework; name = XCTest.framework; path = Library/Frameworks/XCTest.framework; sourceTree = DEVELOPER_DIR; };
		FC40F8561820A09700781E56 /* PicuReferenceAppTests-Info.plist */ = {isa = PBXFileReference; lastKnownFileType = text.plist.xml; path = "PicuReferenceAppTests-Info.plist"; sourceTree = "<group>"; };
		FC40F8581820A09700781E56 /* en */ = {isa = PBXFileReference; lastKnownFileType = text.plist.strings; name = en; path = en.lproj/InfoPlist.strings; sourceTree = "<group>"; };
		FC40F85A1820A09700781E56 /* PicuReferenceAppTests.m */ = {isa = PBXFileReference; lastKnownFileType = sourcecode.c.objc; path = PicuReferenceAppTests.m; sourceTree = "<group>"; };
		FC95DB4F18461B5100C268DA /* PicuReferenceAppScrollViewController.h */ = {isa = PBXFileReference; fileEncoding = 4; lastKnownFileType = sourcecode.c.h; path = PicuReferenceAppScrollViewController.h; sourceTree = "<group>"; };
		FC95DB5018461B5100C268DA /* PicuReferenceAppScrollViewController.m */ = {isa = PBXFileReference; fileEncoding = 4; lastKnownFileType = sourcecode.c.objc; path = PicuReferenceAppScrollViewController.m; sourceTree = "<group>"; };
/* End PBXFileReference section */

/* Begin PBXFrameworksBuildPhase section */
		FC40F8261820A09700781E56 /* Frameworks */ = {
			isa = PBXFrameworksBuildPhase;
			buildActionMask = 2147483647;
			files = (
				FC40F82F1820A09700781E56 /* CoreGraphics.framework in Frameworks */,
				FC40F8311820A09700781E56 /* UIKit.framework in Frameworks */,
				FC40F82D1820A09700781E56 /* Foundation.framework in Frameworks */,
			);
			runOnlyForDeploymentPostprocessing = 0;
		};
		FC40F84A1820A09700781E56 /* Frameworks */ = {
			isa = PBXFrameworksBuildPhase;
			buildActionMask = 2147483647;
			files = (
				FC40F84F1820A09700781E56 /* XCTest.framework in Frameworks */,
				FC40F8511820A09700781E56 /* UIKit.framework in Frameworks */,
				FC40F8501820A09700781E56 /* Foundation.framework in Frameworks */,
			);
			runOnlyForDeploymentPostprocessing = 0;
		};
/* End PBXFrameworksBuildPhase section */

/* Begin PBXGroup section */
		FC40F8201820A09700781E56 = {
			isa = PBXGroup;
			children = (
				FC40F8321820A09700781E56 /* PicuReferenceApp */,
				FC40F8541820A09700781E56 /* PicuReferenceAppTests */,
				FC40F82B1820A09700781E56 /* Frameworks */,
				FC40F82A1820A09700781E56 /* Products */,
			);
			sourceTree = "<group>";
		};
		FC40F82A1820A09700781E56 /* Products */ = {
			isa = PBXGroup;
			children = (
				FC40F8291820A09700781E56 /* PicuReferenceApp.app */,
				FC40F84D1820A09700781E56 /* PicuReferenceAppTests.xctest */,
			);
			name = Products;
			sourceTree = "<group>";
		};
		FC40F82B1820A09700781E56 /* Frameworks */ = {
			isa = PBXGroup;
			children = (
				FC40F82C1820A09700781E56 /* Foundation.framework */,
				FC40F82E1820A09700781E56 /* CoreGraphics.framework */,
				FC40F8301820A09700781E56 /* UIKit.framework */,
				FC40F84E1820A09700781E56 /* XCTest.framework */,
			);
			name = Frameworks;
			sourceTree = "<group>";
		};
		FC40F8321820A09700781E56 /* PicuReferenceApp */ = {
			isa = PBXGroup;
			children = (
				FC40F83B1820A09700781E56 /* PicuReferenceAppAppDelegate.h */,
				FC40F83C1820A09700781E56 /* PicuReferenceAppAppDelegate.m */,
				FC40F8441820A09700781E56 /* PicuReferenceAppViewController.h */,
				FC40F8451820A09700781E56 /* PicuReferenceAppViewController.m */,
				ED134D0418439A1C00C55CCA /* PicuReferenceAppNeuroEmergenciesViewController.h */,
				ED134D0518439A1C00C55CCA /* PicuReferenceAppNeuroEmergenciesViewController.m */,
				FC40F83E1820A09700781E56 /* Main_iPhone.storyboard */,
				FC95DB4F18461B5100C268DA /* PicuReferenceAppScrollViewController.h */,
				FC95DB5018461B5100C268DA /* PicuReferenceAppScrollViewController.m */,
				ED030E34184E2D7F00AB0E0B /* WebViewController.h */,
				ED030E35184E2D7F00AB0E0B /* WebViewController.m */,
				FC40F8411820A09700781E56 /* Main_iPad.storyboard */,
				FC40F8331820A09700781E56 /* Supporting Files */,
			);
			path = PicuReferenceApp;
			sourceTree = "<group>";
		};
		FC40F8331820A09700781E56 /* Supporting Files */ = {
			isa = PBXGroup;
			children = (
				EDAC6EEC1850D6D900780E4D /* HDAssessment.png */,
				EDAC6EED1850D6D900780E4D /* HDCNSMeds.png */,
				EDAC6EEE1850D6D900780E4D /* HDCVMeds.png */,
				EDAC6EEF1850D6D900780E4D /* HDElectrolytes.png */,
				EDAC6EF01850D6D900780E4D /* HDIntubation.png */,
				EDAC6EF11850D6D900780E4D /* HDNeuroEmergencies.png */,
				EDAC6EF21850D6D900780E4D /* HDPEWS.png */,
				EDAC6EF31850D6DA00780E4D /* HDRespiratoryEmergencies.png */,
				EDAC6EF41850D6DA00780E4D /* HDShock.png */,
				EDAC6EF51850D6DA00780E4D /* HDVitals.png */,
				ED3D845718437F3400C907B5 /* Assessment.png */,
				ED3D845818437F3400C907B5 /* CNSMeds.png */,
				ED3D845918437F3400C907B5 /* CVMeds.png */,
				ED3D845A18437F3400C907B5 /* Electrolytes.png */,
				ED3D845B18437F3400C907B5 /* Intubation.png */,
				ED3D845C18437F3400C907B5 /* NeuroEmergencies.png */,
				ED3D845D18437F3400C907B5 /* PEWS.png */,
				ED3D845E18437F3400C907B5 /* Poisons.png */,
				ED3D845F18437F3400C907B5 /* RespiratoryEmergencies.png */,
				ED3D846018437F3400C907B5 /* Shock.png */,
				ED3D846118437F3400C907B5 /* Vitals.png */,
				EDA07EA2183FB072003D6980 /* Truth___Wallpaper_1920x1200_by_damnengine.jpg */,
				FC40F8471820A09700781E56 /* Images.xcassets */,
				FC40F8341820A09700781E56 /* PicuReferenceApp-Info.plist */,
				FC40F8351820A09700781E56 /* InfoPlist.strings */,
				FC40F8381820A09700781E56 /* main.m */,
				FC40F83A1820A09700781E56 /* PicuReferenceApp-Prefix.pch */,
			);
			name = "Supporting Files";
			sourceTree = "<group>";
		};
		FC40F8541820A09700781E56 /* PicuReferenceAppTests */ = {
			isa = PBXGroup;
			children = (
				FC40F85A1820A09700781E56 /* PicuReferenceAppTests.m */,
				FC40F8551820A09700781E56 /* Supporting Files */,
			);
			path = PicuReferenceAppTests;
			sourceTree = "<group>";
		};
		FC40F8551820A09700781E56 /* Supporting Files */ = {
			isa = PBXGroup;
			children = (
				FC40F8561820A09700781E56 /* PicuReferenceAppTests-Info.plist */,
				FC40F8571820A09700781E56 /* InfoPlist.strings */,
			);
			name = "Supporting Files";
			sourceTree = "<group>";
		};
/* End PBXGroup section */

/* Begin PBXNativeTarget section */
		FC40F8281820A09700781E56 /* PicuReferenceApp */ = {
			isa = PBXNativeTarget;
			buildConfigurationList = FC40F85E1820A09700781E56 /* Build configuration list for PBXNativeTarget "PicuReferenceApp" */;
			buildPhases = (
				FC40F8251820A09700781E56 /* Sources */,
				FC40F8261820A09700781E56 /* Frameworks */,
				FC40F8271820A09700781E56 /* Resources */,
			);
			buildRules = (
			);
			dependencies = (
			);
			name = PicuReferenceApp;
			productName = PicuReferenceApp;
			productReference = FC40F8291820A09700781E56 /* PicuReferenceApp.app */;
			productType = "com.apple.product-type.application";
		};
		FC40F84C1820A09700781E56 /* PicuReferenceAppTests */ = {
			isa = PBXNativeTarget;
			buildConfigurationList = FC40F8611820A09700781E56 /* Build configuration list for PBXNativeTarget "PicuReferenceAppTests" */;
			buildPhases = (
				FC40F8491820A09700781E56 /* Sources */,
				FC40F84A1820A09700781E56 /* Frameworks */,
				FC40F84B1820A09700781E56 /* Resources */,
			);
			buildRules = (
			);
			dependencies = (
				FC40F8531820A09700781E56 /* PBXTargetDependency */,
			);
			name = PicuReferenceAppTests;
			productName = PicuReferenceAppTests;
			productReference = FC40F84D1820A09700781E56 /* PicuReferenceAppTests.xctest */;
			productType = "com.apple.product-type.bundle.unit-test";
		};
/* End PBXNativeTarget section */

/* Begin PBXProject section */
		FC40F8211820A09700781E56 /* Project object */ = {
			isa = PBXProject;
			attributes = {
				CLASSPREFIX = PicuReferenceApp;
				LastUpgradeCheck = 0500;
				ORGANIZATIONNAME = jakegub.com;
				TargetAttributes = {
					FC40F84C1820A09700781E56 = {
						TestTargetID = FC40F8281820A09700781E56;
					};
				};
			};
			buildConfigurationList = FC40F8241820A09700781E56 /* Build configuration list for PBXProject "PicuReferenceApp" */;
			compatibilityVersion = "Xcode 3.2";
			developmentRegion = English;
			hasScannedForEncodings = 0;
			knownRegions = (
				en,
				Base,
			);
			mainGroup = FC40F8201820A09700781E56;
			productRefGroup = FC40F82A1820A09700781E56 /* Products */;
			projectDirPath = "";
			projectRoot = "";
			targets = (
				FC40F8281820A09700781E56 /* PicuReferenceApp */,
				FC40F84C1820A09700781E56 /* PicuReferenceAppTests */,
			);
		};
/* End PBXProject section */

/* Begin PBXResourcesBuildPhase section */
		FC40F8271820A09700781E56 /* Resources */ = {
			isa = PBXResourcesBuildPhase;
			buildActionMask = 2147483647;
			files = (
				EDAC6EF91850D6DA00780E4D /* HDElectrolytes.png in Resources */,
				EDAC6EFA1850D6DA00780E4D /* HDIntubation.png in Resources */,
				EDAC6EF81850D6DA00780E4D /* HDCVMeds.png in Resources */,
				ED3D846C18437F3400C907B5 /* Vitals.png in Resources */,
				FC40F8431820A09700781E56 /* Main_iPad.storyboard in Resources */,
				ED3D846718437F3400C907B5 /* NeuroEmergencies.png in Resources */,
				EDAC6EFD1850D6DA00780E4D /* HDRespiratoryEmergencies.png in Resources */,
				ED3D846B18437F3400C907B5 /* Shock.png in Resources */,
				EDAC6EFB1850D6DA00780E4D /* HDNeuroEmergencies.png in Resources */,
				ED3D846518437F3400C907B5 /* Electrolytes.png in Resources */,
				EDAC6EFF1850D6DA00780E4D /* HDVitals.png in Resources */,
				ED3D846318437F3400C907B5 /* CNSMeds.png in Resources */,
				FC40F8481820A09700781E56 /* Images.xcassets in Resources */,
				EDAC6EF71850D6DA00780E4D /* HDCNSMeds.png in Resources */,
				ED3D846618437F3400C907B5 /* Intubation.png in Resources */,
				ED3D846818437F3400C907B5 /* PEWS.png in Resources */,
				FC40F8401820A09700781E56 /* Main_iPhone.storyboard in Resources */,
				EDA07EA3183FB072003D6980 /* Truth___Wallpaper_1920x1200_by_damnengine.jpg in Resources */,
				FC40F8371820A09700781E56 /* InfoPlist.strings in Resources */,
				EDAC6EFE1850D6DA00780E4D /* HDShock.png in Resources */,
				ED3D846A18437F3400C907B5 /* RespiratoryEmergencies.png in Resources */,
				EDAC6EFC1850D6DA00780E4D /* HDPEWS.png in Resources */,
				ED3D846218437F3400C907B5 /* Assessment.png in Resources */,
				EDAC6EF61850D6DA00780E4D /* HDAssessment.png in Resources */,
				ED3D846418437F3400C907B5 /* CVMeds.png in Resources */,
				ED3D846918437F3400C907B5 /* Poisons.png in Resources */,
			);
			runOnlyForDeploymentPostprocessing = 0;
		};
		FC40F84B1820A09700781E56 /* Resources */ = {
			isa = PBXResourcesBuildPhase;
			buildActionMask = 2147483647;
			files = (
				FC40F8591820A09700781E56 /* InfoPlist.strings in Resources */,
			);
			runOnlyForDeploymentPostprocessing = 0;
		};
/* End PBXResourcesBuildPhase section */

/* Begin PBXSourcesBuildPhase section */
		FC40F8251820A09700781E56 /* Sources */ = {
			isa = PBXSourcesBuildPhase;
			buildActionMask = 2147483647;
			files = (
				FC95DB5118461B5100C268DA /* PicuReferenceAppScrollViewController.m in Sources */,
				ED030E36184E2D7F00AB0E0B /* WebViewController.m in Sources */,
				FC40F8391820A09700781E56 /* main.m in Sources */,
				FC40F8461820A09700781E56 /* PicuReferenceAppViewController.m in Sources */,
				FC40F83D1820A09700781E56 /* PicuReferenceAppAppDelegate.m in Sources */,
				ED134D0618439A1C00C55CCA /* PicuReferenceAppNeuroEmergenciesViewController.m in Sources */,
			);
			runOnlyForDeploymentPostprocessing = 0;
		};
		FC40F8491820A09700781E56 /* Sources */ = {
			isa = PBXSourcesBuildPhase;
			buildActionMask = 2147483647;
			files = (
				FC40F85B1820A09700781E56 /* PicuReferenceAppTests.m in Sources */,
			);
			runOnlyForDeploymentPostprocessing = 0;
		};
/* End PBXSourcesBuildPhase section */

/* Begin PBXTargetDependency section */
		FC40F8531820A09700781E56 /* PBXTargetDependency */ = {
			isa = PBXTargetDependency;
			target = FC40F8281820A09700781E56 /* PicuReferenceApp */;
			targetProxy = FC40F8521820A09700781E56 /* PBXContainerItemProxy */;
		};
/* End PBXTargetDependency section */

/* Begin PBXVariantGroup section */
		FC40F8351820A09700781E56 /* InfoPlist.strings */ = {
			isa = PBXVariantGroup;
			children = (
				FC40F8361820A09700781E56 /* en */,
			);
			name = InfoPlist.strings;
			sourceTree = "<group>";
		};
		FC40F83E1820A09700781E56 /* Main_iPhone.storyboard */ = {
			isa = PBXVariantGroup;
			children = (
				FC40F83F1820A09700781E56 /* Base */,
			);
			name = Main_iPhone.storyboard;
			sourceTree = "<group>";
		};
		FC40F8411820A09700781E56 /* Main_iPad.storyboard */ = {
			isa = PBXVariantGroup;
			children = (
				FC40F8421820A09700781E56 /* Base */,
			);
			name = Main_iPad.storyboard;
			sourceTree = "<group>";
		};
		FC40F8571820A09700781E56 /* InfoPlist.strings */ = {
			isa = PBXVariantGroup;
			children = (
				FC40F8581820A09700781E56 /* en */,
			);
			name = InfoPlist.strings;
			sourceTree = "<group>";
		};
/* End PBXVariantGroup section */

/* Begin XCBuildConfiguration section */
		FC40F85C1820A09700781E56 /* Debug */ = {
			isa = XCBuildConfiguration;
			buildSettings = {
				ALWAYS_SEARCH_USER_PATHS = NO;
				ARCHS = "$(ARCHS_STANDARD_INCLUDING_64_BIT)";
				CLANG_CXX_LANGUAGE_STANDARD = "gnu++0x";
				CLANG_CXX_LIBRARY = "libc++";
				CLANG_ENABLE_MODULES = YES;
				CLANG_ENABLE_OBJC_ARC = YES;
				CLANG_WARN_BOOL_CONVERSION = YES;
				CLANG_WARN_CONSTANT_CONVERSION = YES;
				CLANG_WARN_DIRECT_OBJC_ISA_USAGE = YES_ERROR;
				CLANG_WARN_EMPTY_BODY = YES;
				CLANG_WARN_ENUM_CONVERSION = YES;
				CLANG_WARN_INT_CONVERSION = YES;
				CLANG_WARN_OBJC_ROOT_CLASS = YES_ERROR;
				CLANG_WARN__DUPLICATE_METHOD_MATCH = YES;
				"CODE_SIGN_IDENTITY[sdk=iphoneos*]" = "iPhone Developer";
				COPY_PHASE_STRIP = NO;
				GCC_C_LANGUAGE_STANDARD = gnu99;
				GCC_DYNAMIC_NO_PIC = NO;
				GCC_OPTIMIZATION_LEVEL = 0;
				GCC_PREPROCESSOR_DEFINITIONS = (
					"DEBUG=1",
					"$(inherited)",
				);
				GCC_SYMBOLS_PRIVATE_EXTERN = NO;
				GCC_WARN_64_TO_32_BIT_CONVERSION = YES;
				GCC_WARN_ABOUT_RETURN_TYPE = YES_ERROR;
				GCC_WARN_UNDECLARED_SELECTOR = YES;
				GCC_WARN_UNINITIALIZED_AUTOS = YES;
				GCC_WARN_UNUSED_FUNCTION = YES;
				GCC_WARN_UNUSED_VARIABLE = YES;
				IPHONEOS_DEPLOYMENT_TARGET = 7.0;
				ONLY_ACTIVE_ARCH = YES;
				SDKROOT = iphoneos;
				TARGETED_DEVICE_FAMILY = "1,2";
			};
			name = Debug;
		};
		FC40F85D1820A09700781E56 /* Release */ = {
			isa = XCBuildConfiguration;
			buildSettings = {
				ALWAYS_SEARCH_USER_PATHS = NO;
				ARCHS = "$(ARCHS_STANDARD_INCLUDING_64_BIT)";
				CLANG_CXX_LANGUAGE_STANDARD = "gnu++0x";
				CLANG_CXX_LIBRARY = "libc++";
				CLANG_ENABLE_MODULES = YES;
				CLANG_ENABLE_OBJC_ARC = YES;
				CLANG_WARN_BOOL_CONVERSION = YES;
				CLANG_WARN_CONSTANT_CONVERSION = YES;
				CLANG_WARN_DIRECT_OBJC_ISA_USAGE = YES_ERROR;
				CLANG_WARN_EMPTY_BODY = YES;
				CLANG_WARN_ENUM_CONVERSION = YES;
				CLANG_WARN_INT_CONVERSION = YES;
				CLANG_WARN_OBJC_ROOT_CLASS = YES_ERROR;
				CLANG_WARN__DUPLICATE_METHOD_MATCH = YES;
				"CODE_SIGN_IDENTITY[sdk=iphoneos*]" = "iPhone Developer";
				COPY_PHASE_STRIP = YES;
				ENABLE_NS_ASSERTIONS = NO;
				GCC_C_LANGUAGE_STANDARD = gnu99;
				GCC_WARN_64_TO_32_BIT_CONVERSION = YES;
				GCC_WARN_ABOUT_RETURN_TYPE = YES_ERROR;
				GCC_WARN_UNDECLARED_SELECTOR = YES;
				GCC_WARN_UNINITIALIZED_AUTOS = YES;
				GCC_WARN_UNUSED_FUNCTION = YES;
				GCC_WARN_UNUSED_VARIABLE = YES;
				IPHONEOS_DEPLOYMENT_TARGET = 7.0;
				SDKROOT = iphoneos;
				TARGETED_DEVICE_FAMILY = "1,2";
				VALIDATE_PRODUCT = YES;
			};
			name = Release;
		};
		FC40F85F1820A09700781E56 /* Debug */ = {
			isa = XCBuildConfiguration;
			buildSettings = {
				ASSETCATALOG_COMPILER_APPICON_NAME = AppIcon;
				ASSETCATALOG_COMPILER_LAUNCHIMAGE_NAME = LaunchImage;
				GCC_PRECOMPILE_PREFIX_HEADER = YES;
				GCC_PREFIX_HEADER = "PicuReferenceApp/PicuReferenceApp-Prefix.pch";
				INFOPLIST_FILE = "PicuReferenceApp/PicuReferenceApp-Info.plist";
				PRODUCT_NAME = "$(TARGET_NAME)";
				WRAPPER_EXTENSION = app;
			};
			name = Debug;
		};
		FC40F8601820A09700781E56 /* Release */ = {
			isa = XCBuildConfiguration;
			buildSettings = {
				ASSETCATALOG_COMPILER_APPICON_NAME = AppIcon;
				ASSETCATALOG_COMPILER_LAUNCHIMAGE_NAME = LaunchImage;
				GCC_PRECOMPILE_PREFIX_HEADER = YES;
				GCC_PREFIX_HEADER = "PicuReferenceApp/PicuReferenceApp-Prefix.pch";
				INFOPLIST_FILE = "PicuReferenceApp/PicuReferenceApp-Info.plist";
				PRODUCT_NAME = "$(TARGET_NAME)";
				WRAPPER_EXTENSION = app;
			};
			name = Release;
		};
		FC40F8621820A09700781E56 /* Debug */ = {
			isa = XCBuildConfiguration;
			buildSettings = {
				ARCHS = "$(ARCHS_STANDARD_INCLUDING_64_BIT)";
				BUNDLE_LOADER = "$(BUILT_PRODUCTS_DIR)/PicuReferenceApp.app/PicuReferenceApp";
				FRAMEWORK_SEARCH_PATHS = (
					"$(SDKROOT)/Developer/Library/Frameworks",
					"$(inherited)",
					"$(DEVELOPER_FRAMEWORKS_DIR)",
				);
				GCC_PRECOMPILE_PREFIX_HEADER = YES;
				GCC_PREFIX_HEADER = "PicuReferenceApp/PicuReferenceApp-Prefix.pch";
				GCC_PREPROCESSOR_DEFINITIONS = (
					"DEBUG=1",
					"$(inherited)",
				);
				INFOPLIST_FILE = "PicuReferenceAppTests/PicuReferenceAppTests-Info.plist";
				PRODUCT_NAME = "$(TARGET_NAME)";
				TEST_HOST = "$(BUNDLE_LOADER)";
				WRAPPER_EXTENSION = xctest;
			};
			name = Debug;
		};
		FC40F8631820A09700781E56 /* Release */ = {
			isa = XCBuildConfiguration;
			buildSettings = {
				ARCHS = "$(ARCHS_STANDARD_INCLUDING_64_BIT)";
				BUNDLE_LOADER = "$(BUILT_PRODUCTS_DIR)/PicuReferenceApp.app/PicuReferenceApp";
				FRAMEWORK_SEARCH_PATHS = (
					"$(SDKROOT)/Developer/Library/Frameworks",
					"$(inherited)",
					"$(DEVELOPER_FRAMEWORKS_DIR)",
				);
				GCC_PRECOMPILE_PREFIX_HEADER = YES;
				GCC_PREFIX_HEADER = "PicuReferenceApp/PicuReferenceApp-Prefix.pch";
				INFOPLIST_FILE = "PicuReferenceAppTests/PicuReferenceAppTests-Info.plist";
				PRODUCT_NAME = "$(TARGET_NAME)";
				TEST_HOST = "$(BUNDLE_LOADER)";
				WRAPPER_EXTENSION = xctest;
			};
			name = Release;
		};
/* End XCBuildConfiguration section */

/* Begin XCConfigurationList section */
		FC40F8241820A09700781E56 /* Build configuration list for PBXProject "PicuReferenceApp" */ = {
			isa = XCConfigurationList;
			buildConfigurations = (
				FC40F85C1820A09700781E56 /* Debug */,
				FC40F85D1820A09700781E56 /* Release */,
			);
			defaultConfigurationIsVisible = 0;
			defaultConfigurationName = Release;
		};
		FC40F85E1820A09700781E56 /* Build configuration list for PBXNativeTarget "PicuReferenceApp" */ = {
			isa = XCConfigurationList;
			buildConfigurations = (
				FC40F85F1820A09700781E56 /* Debug */,
				FC40F8601820A09700781E56 /* Release */,
			);
			defaultConfigurationIsVisible = 0;
			defaultConfigurationName = Release;
		};
		FC40F8611820A09700781E56 /* Build configuration list for PBXNativeTarget "PicuReferenceAppTests" */ = {
			isa = XCConfigurationList;
			buildConfigurations = (
				FC40F8621820A09700781E56 /* Debug */,
				FC40F8631820A09700781E56 /* Release */,
			);
			defaultConfigurationIsVisible = 0;
			defaultConfigurationName = Release;
		};
/* End XCConfigurationList section */
	};
	rootObject = FC40F8211820A09700781E56 /* Project object */;
}
